
Microsoft Visual Studio Solution File, Format Version 12.00
# Visual Studio Version 17
VisualStudioVersion = 17.9.34728.123
MinimumVisualStudioVersion = 10.0.40219.1
Project("{2150E333-8FDC-42A3-9474-1A3956D46DE8}") = "Services", "Services", "{9C817023-C709-4CFF-8B5C-3C422946A96F}"
EndProject
Project("{2150E333-8FDC-42A3-9474-1A3956D46DE8}") = "BuldingBlocks", "BuldingBlocks", "{16317CF4-0A4C-4C2E-9711-BC6473735314}"
EndProject
Project("{2150E333-8FDC-42A3-9474-1A3956D46DE8}") = "Basket", "Basket", "{5FAAC18C-F835-475C-8301-6ECAD690D2AB}"
EndProject
Project("{2150E333-8FDC-42A3-9474-1A3956D46DE8}") = "Discount", "Discount", "{55D5CA53-A7DE-4377-8E7C-B134B98FD3DC}"
EndProject
Project("{2150E333-8FDC-42A3-9474-1A3956D46DE8}") = "Ordering", "Ordering", "{265B6E1E-E493-4858-B5B8-35D94B9A45B1}"
EndProject
Project("{2150E333-8FDC-42A3-9474-1A3956D46DE8}") = "WebApps", "WebApps", "{8A62570B-9994-4B9C-BC3C-57971A58C376}"
EndProject
Project("{2150E333-8FDC-42A3-9474-1A3956D46DE8}") = "ApiGateways", "ApiGateways", "{F5DAC376-A620-462B-AAF3-0BF48B5A1703}"
EndProject
Project("{9A19103F-16F7-4668-BE54-9A1E7A4F7556}") = "Basket.API", "Services\Basket\Basket.API\Basket.API.csproj", "{32DB6C2C-155A-45AA-A133-B8890EB933AB}"
EndProject
Project("{2150E333-8FDC-42A3-9474-1A3956D46DE8}") = "BuildingBlocks", "BuildingBlocks", "{D0EE5882-4CF6-49D6-8534-A6ECA20B1CB6}"
EndProject
Project("{2150E333-8FDC-42A3-9474-1A3956D46DE8}") = "BuildingBlocks.Messaging", "BuildingBlocks.Messaging", "{D1E2A4D6-FA13-4985-AC50-C849C119FC20}"
EndProject
Project("{9A19103F-16F7-4668-BE54-9A1E7A4F7556}") = "BuildingBlocks", "BuildingBlocks\BuildingBlocks\BuildingBlocks.csproj", "{A2210479-28F8-4672-94AF-8D5DD68CA35E}"
EndProject
Project("{9A19103F-16F7-4668-BE54-9A1E7A4F7556}") = "BuildingBlocks.Messaging", "BuildingBlocks\BuildingBlocks.Messaging\BuildingBlocks.Messaging.csproj", "{5AE384CE-90A0-4B37-920E-ADCA923238DA}"
EndProject
Project("{2150E333-8FDC-42A3-9474-1A3956D46DE8}") = "Catalog", "Catalog", "{A90C847F-7220-45E7-9575-208B7F875526}"
EndProject
Project("{9A19103F-16F7-4668-BE54-9A1E7A4F7556}") = "Catalog.API", "Services\Catalog\Catalog.API\Catalog.API.csproj", "{6C44443F-B188-47D2-9C9D-17C2E2E06763}"
EndProject
Project("{9A19103F-16F7-4668-BE54-9A1E7A4F7556}") = "DiscountgRPC", "Services\Discount\DiscountgRPC\DiscountgRPC.csproj", "{ABDCBAD1-45E7-4956-B158-60DF9A9F5058}"
EndProject
Project("{FAE04EC0-301F-11D3-BF4B-00C04F79EFBC}") = "Ordering.Api", "Services\Ordering\Ordering.Api\Ordering.Api.csproj", "{217D70AA-9154-4DAB-956E-104B4B35999E}"
EndProject
Project("{FAE04EC0-301F-11D3-BF4B-00C04F79EFBC}") = "Ordering.Domain", "Services\Ordering\Ordering.Domain\Ordering.Domain.csproj", "{7447C1DC-8266-448A-B536-08538A56560D}"
EndProject
Project("{FAE04EC0-301F-11D3-BF4B-00C04F79EFBC}") = "Ordering.Application", "Services\Ordering\Ordering.Application\Ordering.Application.csproj", "{6988D160-07F0-4B74-BE22-051D1B8DD858}"
EndProject
Project("{FAE04EC0-301F-11D3-BF4B-00C04F79EFBC}") = "Ordering.Infrastructure", "Services\Ordering\Ordering.Infrastructure\Ordering.Infrastructure.csproj", "{5180E033-936F-4337-921A-608162AC2AE6}"
EndProject
Global
	GlobalSection(SolutionConfigurationPlatforms) = preSolution
		Debug|Any CPU = Debug|Any CPU
		Release|Any CPU = Release|Any CPU
	EndGlobalSection
	GlobalSection(ProjectConfigurationPlatforms) = postSolution
		{32DB6C2C-155A-45AA-A133-B8890EB933AB}.Debug|Any CPU.ActiveCfg = Debug|Any CPU
		{32DB6C2C-155A-45AA-A133-B8890EB933AB}.Debug|Any CPU.Build.0 = Debug|Any CPU
		{32DB6C2C-155A-45AA-A133-B8890EB933AB}.Release|Any CPU.ActiveCfg = Release|Any CPU
		{32DB6C2C-155A-45AA-A133-B8890EB933AB}.Release|Any CPU.Build.0 = Release|Any CPU
		{A2210479-28F8-4672-94AF-8D5DD68CA35E}.Debug|Any CPU.ActiveCfg = Debug|Any CPU
		{A2210479-28F8-4672-94AF-8D5DD68CA35E}.Debug|Any CPU.Build.0 = Debug|Any CPU
		{A2210479-28F8-4672-94AF-8D5DD68CA35E}.Release|Any CPU.ActiveCfg = Release|Any CPU
		{A2210479-28F8-4672-94AF-8D5DD68CA35E}.Release|Any CPU.Build.0 = Release|Any CPU
		{5AE384CE-90A0-4B37-920E-ADCA923238DA}.Debug|Any CPU.ActiveCfg = Debug|Any CPU
		{5AE384CE-90A0-4B37-920E-ADCA923238DA}.Debug|Any CPU.Build.0 = Debug|Any CPU
		{5AE384CE-90A0-4B37-920E-ADCA923238DA}.Release|Any CPU.ActiveCfg = Release|Any CPU
		{5AE384CE-90A0-4B37-920E-ADCA923238DA}.Release|Any CPU.Build.0 = Release|Any CPU
		{6C44443F-B188-47D2-9C9D-17C2E2E06763}.Debug|Any CPU.ActiveCfg = Debug|Any CPU
		{6C44443F-B188-47D2-9C9D-17C2E2E06763}.Debug|Any CPU.Build.0 = Debug|Any CPU
		{6C44443F-B188-47D2-9C9D-17C2E2E06763}.Release|Any CPU.ActiveCfg = Release|Any CPU
		{6C44443F-B188-47D2-9C9D-17C2E2E06763}.Release|Any CPU.Build.0 = Release|Any CPU
		{ABDCBAD1-45E7-4956-B158-60DF9A9F5058}.Debug|Any CPU.ActiveCfg = Debug|Any CPU
		{ABDCBAD1-45E7-4956-B158-60DF9A9F5058}.Debug|Any CPU.Build.0 = Debug|Any CPU
		{ABDCBAD1-45E7-4956-B158-60DF9A9F5058}.Release|Any CPU.ActiveCfg = Release|Any CPU
		{ABDCBAD1-45E7-4956-B158-60DF9A9F5058}.Release|Any CPU.Build.0 = Release|Any CPU
		{217D70AA-9154-4DAB-956E-104B4B35999E}.Debug|Any CPU.ActiveCfg = Debug|Any CPU
		{217D70AA-9154-4DAB-956E-104B4B35999E}.Debug|Any CPU.Build.0 = Debug|Any CPU
		{217D70AA-9154-4DAB-956E-104B4B35999E}.Release|Any CPU.ActiveCfg = Release|Any CPU
		{217D70AA-9154-4DAB-956E-104B4B35999E}.Release|Any CPU.Build.0 = Release|Any CPU
		{7447C1DC-8266-448A-B536-08538A56560D}.Debug|Any CPU.ActiveCfg = Debug|Any CPU
		{7447C1DC-8266-448A-B536-08538A56560D}.Debug|Any CPU.Build.0 = Debug|Any CPU
		{7447C1DC-8266-448A-B536-08538A56560D}.Release|Any CPU.ActiveCfg = Release|Any CPU
		{7447C1DC-8266-448A-B536-08538A56560D}.Release|Any CPU.Build.0 = Release|Any CPU
		{6988D160-07F0-4B74-BE22-051D1B8DD858}.Debug|Any CPU.ActiveCfg = Debug|Any CPU
		{6988D160-07F0-4B74-BE22-051D1B8DD858}.Debug|Any CPU.Build.0 = Debug|Any CPU
		{6988D160-07F0-4B74-BE22-051D1B8DD858}.Release|Any CPU.ActiveCfg = Release|Any CPU
		{6988D160-07F0-4B74-BE22-051D1B8DD858}.Release|Any CPU.Build.0 = Release|Any CPU
		{5180E033-936F-4337-921A-608162AC2AE6}.Debug|Any CPU.ActiveCfg = Debug|Any CPU
		{5180E033-936F-4337-921A-608162AC2AE6}.Debug|Any CPU.Build.0 = Debug|Any CPU
		{5180E033-936F-4337-921A-608162AC2AE6}.Release|Any CPU.ActiveCfg = Release|Any CPU
		{5180E033-936F-4337-921A-608162AC2AE6}.Release|Any CPU.Build.0 = Release|Any CPU
	EndGlobalSection
	GlobalSection(SolutionProperties) = preSolution
		HideSolutionNode = FALSE
	EndGlobalSection
	GlobalSection(NestedProjects) = preSolution
		{5FAAC18C-F835-475C-8301-6ECAD690D2AB} = {9C817023-C709-4CFF-8B5C-3C422946A96F}
		{55D5CA53-A7DE-4377-8E7C-B134B98FD3DC} = {9C817023-C709-4CFF-8B5C-3C422946A96F}
		{265B6E1E-E493-4858-B5B8-35D94B9A45B1} = {9C817023-C709-4CFF-8B5C-3C422946A96F}
		{32DB6C2C-155A-45AA-A133-B8890EB933AB} = {5FAAC18C-F835-475C-8301-6ECAD690D2AB}
		{D0EE5882-4CF6-49D6-8534-A6ECA20B1CB6} = {16317CF4-0A4C-4C2E-9711-BC6473735314}
		{D1E2A4D6-FA13-4985-AC50-C849C119FC20} = {16317CF4-0A4C-4C2E-9711-BC6473735314}
		{A2210479-28F8-4672-94AF-8D5DD68CA35E} = {D0EE5882-4CF6-49D6-8534-A6ECA20B1CB6}
		{5AE384CE-90A0-4B37-920E-ADCA923238DA} = {D1E2A4D6-FA13-4985-AC50-C849C119FC20}
		{A90C847F-7220-45E7-9575-208B7F875526} = {9C817023-C709-4CFF-8B5C-3C422946A96F}
		{6C44443F-B188-47D2-9C9D-17C2E2E06763} = {A90C847F-7220-45E7-9575-208B7F875526}
		{ABDCBAD1-45E7-4956-B158-60DF9A9F5058} = {55D5CA53-A7DE-4377-8E7C-B134B98FD3DC}
		{217D70AA-9154-4DAB-956E-104B4B35999E} = {265B6E1E-E493-4858-B5B8-35D94B9A45B1}
		{7447C1DC-8266-448A-B536-08538A56560D} = {265B6E1E-E493-4858-B5B8-35D94B9A45B1}
		{6988D160-07F0-4B74-BE22-051D1B8DD858} = {265B6E1E-E493-4858-B5B8-35D94B9A45B1}
		{5180E033-936F-4337-921A-608162AC2AE6} = {265B6E1E-E493-4858-B5B8-35D94B9A45B1}
	EndGlobalSection
	GlobalSection(ExtensibilityGlobals) = postSolution
		SolutionGuid = {62978FCA-E0C4-406E-BD76-1CAE3322CA2C}
	EndGlobalSection
EndGlobal
